
Microsoft Visual Studio Solution File, Format Version 12.00
# Visual Studio 15
VisualStudioVersion = 15.0.26124.0
MinimumVisualStudioVersion = 15.0.26124.0
Project("{FAE04EC0-301F-11D3-BF4B-00C04F79EFBC}") = "console", "console\console.csproj", "{30919C91-354A-4815-9221-BE0B181BE12F}"
EndProject
Project("{FAE04EC0-301F-11D3-BF4B-00C04F79EFBC}") = "console.tests", "console.tests\console.tests.csproj", "{D0DF4DE0-80C0-4F14-805D-B7CD8FE4231B}"
EndProject
Global
	GlobalSection(SolutionConfigurationPlatforms) = preSolution
		Debug|Any CPU = Debug|Any CPU
		Debug|x64 = Debug|x64
		Debug|x86 = Debug|x86
		Release|Any CPU = Release|Any CPU
		Release|x64 = Release|x64
		Release|x86 = Release|x86
	EndGlobalSection
	GlobalSection(SolutionProperties) = preSolution
		HideSolutionNode = FALSE
	EndGlobalSection
	GlobalSection(ProjectConfigurationPlatforms) = postSolution
		{30919C91-354A-4815-9221-BE0B181BE12F}.Debug|Any CPU.ActiveCfg = Debug|Any CPU
		{30919C91-354A-4815-9221-BE0B181BE12F}.Debug|Any CPU.Build.0 = Debug|Any CPU
		{30919C91-354A-4815-9221-BE0B181BE12F}.Debug|x64.ActiveCfg = Debug|Any CPU
		{30919C91-354A-4815-9221-BE0B181BE12F}.Debug|x64.Build.0 = Debug|Any CPU
		{30919C91-354A-4815-9221-BE0B181BE12F}.Debug|x86.ActiveCfg = Debug|Any CPU
		{30919C91-354A-4815-9221-BE0B181BE12F}.Debug|x86.Build.0 = Debug|Any CPU
		{30919C91-354A-4815-9221-BE0B181BE12F}.Release|Any CPU.ActiveCfg = Release|Any CPU
		{30919C91-354A-4815-9221-BE0B181BE12F}.Release|Any CPU.Build.0 = Release|Any CPU
		{30919C91-354A-4815-9221-BE0B181BE12F}.Release|x64.ActiveCfg = Release|Any CPU
		{30919C91-354A-4815-9221-BE0B181BE12F}.Release|x64.Build.0 = Release|Any CPU
		{30919C91-354A-4815-9221-BE0B181BE12F}.Release|x86.ActiveCfg = Release|Any CPU
		{30919C91-354A-4815-9221-BE0B181BE12F}.Release|x86.Build.0 = Release|Any CPU
		{D0DF4DE0-80C0-4F14-805D-B7CD8FE4231B}.Debug|Any CPU.ActiveCfg = Debug|Any CPU
		{D0DF4DE0-80C0-4F14-805D-B7CD8FE4231B}.Debug|Any CPU.Build.0 = Debug|Any CPU
		{D0DF4DE0-80C0-4F14-805D-B7CD8FE4231B}.Debug|x64.ActiveCfg = Debug|Any CPU
		{D0DF4DE0-80C0-4F14-805D-B7CD8FE4231B}.Debug|x64.Build.0 = Debug|Any CPU
		{D0DF4DE0-80C0-4F14-805D-B7CD8FE4231B}.Debug|x86.ActiveCfg = Debug|Any CPU
		{D0DF4DE0-80C0-4F14-805D-B7CD8FE4231B}.Debug|x86.Build.0 = Debug|Any CPU
		{D0DF4DE0-80C0-4F14-805D-B7CD8FE4231B}.Release|Any CPU.ActiveCfg = Release|Any CPU
		{D0DF4DE0-80C0-4F14-805D-B7CD8FE4231B}.Release|Any CPU.Build.0 = Release|Any CPU
		{D0DF4DE0-80C0-4F14-805D-B7CD8FE4231B}.Release|x64.ActiveCfg = Release|Any CPU
		{D0DF4DE0-80C0-4F14-805D-B7CD8FE4231B}.Release|x64.Build.0 = Release|Any CPU
		{D0DF4DE0-80C0-4F14-805D-B7CD8FE4231B}.Release|x86.ActiveCfg = Release|Any CPU
		{D0DF4DE0-80C0-4F14-805D-B7CD8FE4231B}.Release|x86.Build.0 = Release|Any CPU
	EndGlobalSection
EndGlobal
